{
  "name": "OurWorld",
  "version": "1.0.0",
  "lockfileVersion": 1,
  "requires": true,
  "dependencies": {
    "wikidata-sdk": {
      "version": "5.2.5",
      "resolved": "https://registry.npmjs.org/wikidata-sdk/-/wikidata-sdk-5.2.5.tgz",
      "integrity": "sha512-l91QEjrLww/zFcN6kzzjdi0cw+WGryRfZHSgVOqm+T3orTx7gbB2OrVuBi3NC1eSTiKdJ3Bk7keSIqeJ6vnyLA=="
    }
  }
}
